
Microsoft Visual Studio Solution File, Format Version 12.00
# Visual Studio 15
VisualStudioVersion = 15.0.28010.2036
MinimumVisualStudioVersion = 10.0.40219.1
Project("{FAE04EC0-301F-11D3-BF4B-00C04F79EFBC}") = "ConsoleLabs", "ConsoleLabs\ConsoleLabs.csproj", "{2F342DB6-FDE8-40E8-B1A2-8CD5E3A5C61C}"
EndProject
Project("{FAE04EC0-301F-11D3-BF4B-00C04F79EFBC}") = "BinTree", "BinTree\BinTree.csproj", "{94651B15-A49C-463E-8E81-391B94D3EC5F}"
EndProject
Global
	GlobalSection(SolutionConfigurationPlatforms) = preSolution
		Debug|Any CPU = Debug|Any CPU
		Release|Any CPU = Release|Any CPU
	EndGlobalSection
	GlobalSection(ProjectConfigurationPlatforms) = postSolution
		{2F342DB6-FDE8-40E8-B1A2-8CD5E3A5C61C}.Debug|Any CPU.ActiveCfg = Debug|Any CPU
		{2F342DB6-FDE8-40E8-B1A2-8CD5E3A5C61C}.Debug|Any CPU.Build.0 = Debug|Any CPU
		{2F342DB6-FDE8-40E8-B1A2-8CD5E3A5C61C}.Release|Any CPU.ActiveCfg = Release|Any CPU
		{2F342DB6-FDE8-40E8-B1A2-8CD5E3A5C61C}.Release|Any CPU.Build.0 = Release|Any CPU
		{94651B15-A49C-463E-8E81-391B94D3EC5F}.Debug|Any CPU.ActiveCfg = Debug|Any CPU
		{94651B15-A49C-463E-8E81-391B94D3EC5F}.Debug|Any CPU.Build.0 = Debug|Any CPU
		{94651B15-A49C-463E-8E81-391B94D3EC5F}.Release|Any CPU.ActiveCfg = Release|Any CPU
		{94651B15-A49C-463E-8E81-391B94D3EC5F}.Release|Any CPU.Build.0 = Release|Any CPU
	EndGlobalSection
	GlobalSection(SolutionProperties) = preSolution
		HideSolutionNode = FALSE
	EndGlobalSection
	GlobalSection(ExtensibilityGlobals) = postSolution
		SolutionGuid = {0E8E1539-59CB-4CB5-9FEC-189A636D8DD7}
	EndGlobalSection
EndGlobal
